// !$*UTF8*$!
{
	archiveVersion = 1;
	classes = {
	};
	objectVersion = 46;
	objects = {

/* Begin PBXBuildFile section */
		B1258A7F1B7AFADB0097D322 /* main.m in Sources */ = {isa = PBXBuildFile; fileRef = B1258A7E1B7AFADB0097D322 /* main.m */; };
		B1258A821B7AFADB0097D322 /* AppDelegate.m in Sources */ = {isa = PBXBuildFile; fileRef = B1258A811B7AFADB0097D322 /* AppDelegate.m */; };
		B1258A851B7AFADB0097D322 /* ViewController.m in Sources */ = {isa = PBXBuildFile; fileRef = B1258A841B7AFADB0097D322 /* ViewController.m */; };
		B1258A881B7AFADB0097D322 /* Main.storyboard in Resources */ = {isa = PBXBuildFile; fileRef = B1258A861B7AFADB0097D322 /* Main.storyboard */; };
		B1258A8A1B7AFADB0097D322 /* Images.xcassets in Resources */ = {isa = PBXBuildFile; fileRef = B1258A891B7AFADB0097D322 /* Images.xcassets */; };
		B1258A8D1B7AFADB0097D322 /* LaunchScreen.xib in Resources */ = {isa = PBXBuildFile; fileRef = B1258A8B1B7AFADB0097D322 /* LaunchScreen.xib */; };
		B1258A991B7AFADB0097D322 /* BoonleyTests.m in Sources */ = {isa = PBXBuildFile; fileRef = B1258A981B7AFADB0097D322 /* BoonleyTests.m */; };
/* End PBXBuildFile section */

/* Begin PBXContainerItemProxy section */
		B1258A931B7AFADB0097D322 /* PBXContainerItemProxy */ = {
			isa = PBXContainerItemProxy;
			containerPortal = B1258A711B7AFADB0097D322 /* Project object */;
			proxyType = 1;
			remoteGlobalIDString = B1258A781B7AFADB0097D322;
			remoteInfo = Boonley;
		};
/* End PBXContainerItemProxy section */

/* Begin PBXFileReference section */
		B1258A791B7AFADB0097D322 /* Boonley.app */ = {isa = PBXFileReference; explicitFileType = wrapper.application; includeInIndex = 0; path = Boonley.app; sourceTree = BUILT_PRODUCTS_DIR; };
		B1258A7D1B7AFADB0097D322 /* Info.plist */ = {isa = PBXFileReference; lastKnownFileType = text.plist.xml; path = Info.plist; sourceTree = "<group>"; };
		B1258A7E1B7AFADB0097D322 /* main.m */ = {isa = PBXFileReference; lastKnownFileType = sourcecode.c.objc; path = main.m; sourceTree = "<group>"; };
		B1258A801B7AFADB0097D322 /* AppDelegate.h */ = {isa = PBXFileReference; lastKnownFileType = sourcecode.c.h; path = AppDelegate.h; sourceTree = "<group>"; };
		B1258A811B7AFADB0097D322 /* AppDelegate.m */ = {isa = PBXFileReference; lastKnownFileType = sourcecode.c.objc; path = AppDelegate.m; sourceTree = "<group>"; };
		B1258A831B7AFADB0097D322 /* ViewController.h */ = {isa = PBXFileReference; lastKnownFileType = sourcecode.c.h; path = ViewController.h; sourceTree = "<group>"; };
		B1258A841B7AFADB0097D322 /* ViewController.m */ = {isa = PBXFileReference; lastKnownFileType = sourcecode.c.objc; path = ViewController.m; sourceTree = "<group>"; };
		B1258A871B7AFADB0097D322 /* Base */ = {isa = PBXFileReference; lastKnownFileType = file.storyboard; name = Base; path = Base.lproj/Main.storyboard; sourceTree = "<group>"; };
		B1258A891B7AFADB0097D322 /* Images.xcassets */ = {isa = PBXFileReference; lastKnownFileType = folder.assetcatalog; path = Images.xcassets; sourceTree = "<group>"; };
		B1258A8C1B7AFADB0097D322 /* Base */ = {isa = PBXFileReference; lastKnownFileType = file.xib; name = Base; path = Base.lproj/LaunchScreen.xib; sourceTree = "<group>"; };
		B1258A921B7AFADB0097D322 /* BoonleyTests.xctest */ = {isa = PBXFileReference; explicitFileType = wrapper.cfbundle; includeInIndex = 0; path = BoonleyTests.xctest; sourceTree = BUILT_PRODUCTS_DIR; };
		B1258A971B7AFADB0097D322 /* Info.plist */ = {isa = PBXFileReference; lastKnownFileType = text.plist.xml; path = Info.plist; sourceTree = "<group>"; };
		B1258A981B7AFADB0097D322 /* BoonleyTests.m */ = {isa = PBXFileReference; lastKnownFileType = sourcecode.c.objc; path = BoonleyTests.m; sourceTree = "<group>"; };
/* End PBXFileReference section */

/* Begin PBXFrameworksBuildPhase section */
		B1258A761B7AFADB0097D322 /* Frameworks */ = {
			isa = PBXFrameworksBuildPhase;
			buildActionMask = 2147483647;
			files = (
			);
			runOnlyForDeploymentPostprocessing = 0;
		};
		B1258A8F1B7AFADB0097D322 /* Frameworks */ = {
			isa = PBXFrameworksBuildPhase;
			buildActionMask = 2147483647;
			files = (
			);
			runOnlyForDeploymentPostprocessing = 0;
		};
/* End PBXFrameworksBuildPhase section */

/* Begin PBXGroup section */
		B1258A701B7AFADB0097D322 = {
			isa = PBXGroup;
			children = (
				B1258A7B1B7AFADB0097D322 /* Boonley */,
				B1258A951B7AFADB0097D322 /* BoonleyTests */,
				B1258A7A1B7AFADB0097D322 /* Products */,
			);
			sourceTree = "<group>";
		};
		B1258A7A1B7AFADB0097D322 /* Products */ = {
			isa = PBXGroup;
			children = (
				B1258A791B7AFADB0097D322 /* Boonley.app */,
				B1258A921B7AFADB0097D322 /* BoonleyTests.xctest */,
			);
			name = Products;
			sourceTree = "<group>";
		};
		B1258A7B1B7AFADB0097D322 /* Boonley */ = {
			isa = PBXGroup;
			children = (
				B1258A801B7AFADB0097D322 /* AppDelegate.h */,
				B1258A811B7AFADB0097D322 /* AppDelegate.m */,
				B1258A831B7AFADB0097D322 /* ViewController.h */,
				B1258A841B7AFADB0097D322 /* ViewController.m */,
				B1258A861B7AFADB0097D322 /* Main.storyboard */,
				B1258A891B7AFADB0097D322 /* Images.xcassets */,
				B1258A8B1B7AFADB0097D322 /* LaunchScreen.xib */,
				B1258A7C1B7AFADB0097D322 /* Supporting Files */,
			);
			path = Boonley;
			sourceTree = "<group>";
		};
		B1258A7C1B7AFADB0097D322 /* Supporting Files */ = {
			isa = PBXGroup;
			children = (
				B1258A7D1B7AFADB0097D322 /* Info.plist */,
				B1258A7E1B7AFADB0097D322 /* main.m */,
			);
			name = "Supporting Files";
			sourceTree = "<group>";
		};
		B1258A951B7AFADB0097D322 /* BoonleyTests */ = {
			isa = PBXGroup;
			children = (
				B1258A981B7AFADB0097D322 /* BoonleyTests.m */,
				B1258A961B7AFADB0097D322 /* Supporting Files */,
			);
			path = BoonleyTests;
			sourceTree = "<group>";
		};
		B1258A961B7AFADB0097D322 /* Supporting Files */ = {
			isa = PBXGroup;
			children = (
				B1258A971B7AFADB0097D322 /* Info.plist */,
			);
			name = "Supporting Files";
			sourceTree = "<group>";
		};
/* End PBXGroup section */

/* Begin PBXNativeTarget section */
		B1258A781B7AFADB0097D322 /* Boonley */ = {
			isa = PBXNativeTarget;
			buildConfigurationList = B1258A9C1B7AFADB0097D322 /* Build configuration list for PBXNativeTarget "Boonley" */;
			buildPhases = (
				B1258A751B7AFADB0097D322 /* Sources */,
				B1258A761B7AFADB0097D322 /* Frameworks */,
				B1258A771B7AFADB0097D322 /* Resources */,
			);
			buildRules = (
			);
			dependencies = (
			);
			name = Boonley;
			productName = Boonley;
			productReference = B1258A791B7AFADB0097D322 /* Boonley.app */;
			productType = "com.apple.product-type.application";
		};
		B1258A911B7AFADB0097D322 /* BoonleyTests */ = {
			isa = PBXNativeTarget;
			buildConfigurationList = B1258A9F1B7AFADB0097D322 /* Build configuration list for PBXNativeTarget "BoonleyTests" */;
			buildPhases = (
				B1258A8E1B7AFADB0097D322 /* Sources */,
				B1258A8F1B7AFADB0097D322 /* Frameworks */,
				B1258A901B7AFADB0097D322 /* Resources */,
			);
			buildRules = (
			);
			dependencies = (
				B1258A941B7AFADB0097D322 /* PBXTargetDependency */,
			);
			name = BoonleyTests;
			productName = BoonleyTests;
			productReference = B1258A921B7AFADB0097D322 /* BoonleyTests.xctest */;
			productType = "com.apple.product-type.bundle.unit-test";
		};
/* End PBXNativeTarget section */

/* Begin PBXProject section */
		B1258A711B7AFADB0097D322 /* Project object */ = {
			isa = PBXProject;
			attributes = {
				LastUpgradeCheck = 0640;
				ORGANIZATIONNAME = "Trevor Vieweg";
				TargetAttributes = {
					B1258A781B7AFADB0097D322 = {
						CreatedOnToolsVersion = 6.4;
					};
					B1258A911B7AFADB0097D322 = {
						CreatedOnToolsVersion = 6.4;
						TestTargetID = B1258A781B7AFADB0097D322;
					};
				};
			};
			buildConfigurationList = B1258A741B7AFADB0097D322 /* Build configuration list for PBXProject "Boonley" */;
			compatibilityVersion = "Xcode 3.2";
			developmentRegion = English;
			hasScannedForEncodings = 0;
			knownRegions = (
				en,
				Base,
			);
			mainGroup = B1258A701B7AFADB0097D322;
			productRefGroup = B1258A7A1B7AFADB0097D322 /* Products */;
			projectDirPath = "";
			projectRoot = "";
			targets = (
				B1258A781B7AFADB0097D322 /* Boonley */,
				B1258A911B7AFADB0097D322 /* BoonleyTests */,
			);
		};
/* End PBXProject section */

/* Begin PBXResourcesBuildPhase section */
		B1258A771B7AFADB0097D322 /* Resources */ = {
			isa = PBXResourcesBuildPhase;
			buildActionMask = 2147483647;
			files = (
				B1258A881B7AFADB0097D322 /* Main.storyboard in Resources */,
				B1258A8D1B7AFADB0097D322 /* LaunchScreen.xib in Resources */,
				B1258A8A1B7AFADB0097D322 /* Images.xcassets in Resources */,
			);
			runOnlyForDeploymentPostprocessing = 0;
		};
		B1258A901B7AFADB0097D322 /* Resources */ = {
			isa = PBXResourcesBuildPhase;
			buildActionMask = 2147483647;
			files = (
			);
			runOnlyForDeploymentPostprocessing = 0;
		};
/* End PBXResourcesBuildPhase section */

/* Begin PBXSourcesBuildPhase section */
		B1258A751B7AFADB0097D322 /* Sources */ = {
			isa = PBXSourcesBuildPhase;
			buildActionMask = 2147483647;
			files = (
				B1258A851B7AFADB0097D322 /* ViewController.m in Sources */,
				B1258A821B7AFADB0097D322 /* AppDelegate.m in Sources */,
				B1258A7F1B7AFADB0097D322 /* main.m in Sources */,
			);
			runOnlyForDeploymentPostprocessing = 0;
		};
		B1258A8E1B7AFADB0097D322 /* Sources */ = {
			isa = PBXSourcesBuildPhase;
			buildActionMask = 2147483647;
			files = (
				B1258A991B7AFADB0097D322 /* BoonleyTests.m in Sources */,
			);
			runOnlyForDeploymentPostprocessing = 0;
		};
/* End PBXSourcesBuildPhase section */

/* Begin PBXTargetDependency section */
		B1258A941B7AFADB0097D322 /* PBXTargetDependency */ = {
			isa = PBXTargetDependency;
			target = B1258A781B7AFADB0097D322 /* Boonley */;
			targetProxy = B1258A931B7AFADB0097D322 /* PBXContainerItemProxy */;
		};
/* End PBXTargetDependency section */

/* Begin PBXVariantGroup section */
		B1258A861B7AFADB0097D322 /* Main.storyboard */ = {
			isa = PBXVariantGroup;
			children = (
				B1258A871B7AFADB0097D322 /* Base */,
			);
			name = Main.storyboard;
			sourceTree = "<group>";
		};
		B1258A8B1B7AFADB0097D322 /* LaunchScreen.xib */ = {
			isa = PBXVariantGroup;
			children = (
				B1258A8C1B7AFADB0097D322 /* Base */,
			);
			name = LaunchScreen.xib;
			sourceTree = "<group>";
		};
/* End PBXVariantGroup section */

/* Begin XCBuildConfiguration section */
		B1258A9A1B7AFADB0097D322 /* Debug */ = {
			isa = XCBuildConfiguration;
			buildSettings = {
				ALWAYS_SEARCH_USER_PATHS = NO;
				CLANG_CXX_LANGUAGE_STANDARD = "gnu++0x";
				CLANG_CXX_LIBRARY = "libc++";
				CLANG_ENABLE_MODULES = YES;
				CLANG_ENABLE_OBJC_ARC = YES;
				CLANG_WARN_BOOL_CONVERSION = YES;
				CLANG_WARN_CONSTANT_CONVERSION = YES;
				CLANG_WARN_DIRECT_OBJC_ISA_USAGE = YES_ERROR;
				CLANG_WARN_EMPTY_BODY = YES;
				CLANG_WARN_ENUM_CONVERSION = YES;
				CLANG_WARN_INT_CONVERSION = YES;
				CLANG_WARN_OBJC_ROOT_CLASS = YES_ERROR;
				CLANG_WARN_UNREACHABLE_CODE = YES;
				CLANG_WARN__DUPLICATE_METHOD_MATCH = YES;
				"CODE_SIGN_IDENTITY[sdk=iphoneos*]" = "iPhone Developer";
				COPY_PHASE_STRIP = NO;
				DEBUG_INFORMATION_FORMAT = "dwarf-with-dsym";
				ENABLE_STRICT_OBJC_MSGSEND = YES;
				GCC_C_LANGUAGE_STANDARD = gnu99;
				GCC_DYNAMIC_NO_PIC = NO;
				GCC_NO_COMMON_BLOCKS = YES;
				GCC_OPTIMIZATION_LEVEL = 0;
				GCC_PREPROCESSOR_DEFINITIONS = (
					"DEBUG=1",
					"$(inherited)",
				);
				GCC_SYMBOLS_PRIVATE_EXTERN = NO;
				GCC_WARN_64_TO_32_BIT_CONVERSION = YES;
				GCC_WARN_ABOUT_RETURN_TYPE = YES_ERROR;
				GCC_WARN_UNDECLARED_SELECTOR = YES;
				GCC_WARN_UNINITIALIZED_AUTOS = YES_AGGRESSIVE;
				GCC_WARN_UNUSED_FUNCTION = YES;
				GCC_WARN_UNUSED_VARIABLE = YES;
				IPHONEOS_DEPLOYMENT_TARGET = 8.4;
				MTL_ENABLE_DEBUG_INFO = YES;
				ONLY_ACTIVE_ARCH = YES;
				SDKROOT = iphoneos;
				TARGETED_DEVICE_FAMILY = "1,2";
			};
			name = Debug;
		};
		B1258A9B1B7AFADB0097D322 /* Release */ = {
			isa = XCBuildConfiguration;
			buildSettings = {
				ALWAYS_SEARCH_USER_PATHS = NO;
				CLANG_CXX_LANGUAGE_STANDARD = "gnu++0x";
				CLANG_CXX_LIBRARY = "libc++";
				CLANG_ENABLE_MODULES = YES;
				CLANG_ENABLE_OBJC_ARC = YES;
				CLANG_WARN_BOOL_CONVERSION = YES;
				CLANG_WARN_CONSTANT_CONVERSION = YES;
				CLANG_WARN_DIRECT_OBJC_ISA_USAGE = YES_ERROR;
				CLANG_WARN_EMPTY_BODY = YES;
				CLANG_WARN_ENUM_CONVERSION = YES;
				CLANG_WARN_INT_CONVERSION = YES;
				CLANG_WARN_OBJC_ROOT_CLASS = YES_ERROR;
				CLANG_WARN_UNREACHABLE_CODE = YES;
				CLANG_WARN__DUPLICATE_METHOD_MATCH = YES;
				"CODE_SIGN_IDENTITY[sdk=iphoneos*]" = "iPhone Developer";
				COPY_PHASE_STRIP = NO;
				DEBUG_INFORMATION_FORMAT = "dwarf-with-dsym";
				ENABLE_NS_ASSERTIONS = NO;
				ENABLE_STRICT_OBJC_MSGSEND = YES;
				GCC_C_LANGUAGE_STANDARD = gnu99;
				GCC_NO_COMMON_BLOCKS = YES;
				GCC_WARN_64_TO_32_BIT_CONVERSION = YES;
				GCC_WARN_ABOUT_RETURN_TYPE = YES_ERROR;
				GCC_WARN_UNDECLARED_SELECTOR = YES;
				GCC_WARN_UNINITIALIZED_AUTOS = YES_AGGRESSIVE;
				GCC_WARN_UNUSED_FUNCTION = YES;
				GCC_WARN_UNUSED_VARIABLE = YES;
				IPHONEOS_DEPLOYMENT_TARGET = 8.4;
				MTL_ENABLE_DEBUG_INFO = NO;
				SDKROOT = iphoneos;
				TARGETED_DEVICE_FAMILY = "1,2";
				VALIDATE_PRODUCT = YES;
			};
			name = Release;
		};
		B1258A9D1B7AFADB0097D322 /* Debug */ = {
			isa = XCBuildConfiguration;
			buildSettings = {
				ASSETCATALOG_COMPILER_APPICON_NAME = AppIcon;
				INFOPLIST_FILE = Boonley/Info.plist;
				IPHONEOS_DEPLOYMENT_TARGET = 8.4;
				LD_RUNPATH_SEARCH_PATHS = "$(inherited) @executable_path/Frameworks";
				PRODUCT_NAME = "$(TARGET_NAME)";
			};
			name = Debug;
		};
		B1258A9E1B7AFADB0097D322 /* Release */ = {
			isa = XCBuildConfiguration;
			buildSettings = {
				ASSETCATALOG_COMPILER_APPICON_NAME = AppIcon;
				INFOPLIST_FILE = Boonley/Info.plist;
				IPHONEOS_DEPLOYMENT_TARGET = 8.4;
				LD_RUNPATH_SEARCH_PATHS = "$(inherited) @executable_path/Frameworks";
				PRODUCT_NAME = "$(TARGET_NAME)";
			};
			name = Release;
		};
		B1258AA01B7AFADB0097D322 /* Debug */ = {
			isa = XCBuildConfiguration;
			buildSettings = {
				BUNDLE_LOADER = "$(TEST_HOST)";
				FRAMEWORK_SEARCH_PATHS = (
					"$(SDKROOT)/Developer/Library/Frameworks",
					"$(inherited)",
				);
				GCC_PREPROCESSOR_DEFINITIONS = (
					"DEBUG=1",
					"$(inherited)",
				);
				INFOPLIST_FILE = BoonleyTests/Info.plist;
				LD_RUNPATH_SEARCH_PATHS = "$(inherited) @executable_path/Frameworks @loader_path/Frameworks";
				PRODUCT_NAME = "$(TARGET_NAME)";
				TEST_HOST = "$(BUILT_PRODUCTS_DIR)/Boonley.app/Boonley";
			};
			name = Debug;
		};
		B1258AA11B7AFADB0097D322 /* Release */ = {
			isa = XCBuildConfiguration;
			buildSettings = {
				BUNDLE_LOADER = "$(TEST_HOST)";
				FRAMEWORK_SEARCH_PATHS = (
					"$(SDKROOT)/Developer/Library/Frameworks",
					"$(inherited)",
				);
				INFOPLIST_FILE = BoonleyTests/Info.plist;
				LD_RUNPATH_SEARCH_PATHS = "$(inherited) @executable_path/Frameworks @loader_path/Frameworks";
				PRODUCT_NAME = "$(TARGET_NAME)";
				TEST_HOST = "$(BUILT_PRODUCTS_DIR)/Boonley.app/Boonley";
			};
			name = Release;
		};
/* End XCBuildConfiguration section */

/* Begin XCConfigurationList section */
		B1258A741B7AFADB0097D322 /* Build configuration list for PBXProject "Boonley" */ = {
			isa = XCConfigurationList;
			buildConfigurations = (
				B1258A9A1B7AFADB0097D322 /* Debug */,
				B1258A9B1B7AFADB0097D322 /* Release */,
			);
			defaultConfigurationIsVisible = 0;
			defaultConfigurationName = Release;
		};
		B1258A9C1B7AFADB0097D322 /* Build configuration list for PBXNativeTarget "Boonley" */ = {
			isa = XCConfigurationList;
			buildConfigurations = (
				B1258A9D1B7AFADB0097D322 /* Debug */,
				B1258A9E1B7AFADB0097D322 /* Release */,
			);
			defaultConfigurationIsVisible = 0;
		};
		B1258A9F1B7AFADB0097D322 /* Build configuration list for PBXNativeTarget "BoonleyTests" */ = {
			isa = XCConfigurationList;
			buildConfigurations = (
				B1258AA01B7AFADB0097D322 /* Debug */,
				B1258AA11B7AFADB0097D322 /* Release */,
			);
			defaultConfigurationIsVisible = 0;
		};
/* End XCConfigurationList section */
	};
	rootObject = B1258A711B7AFADB0097D322 /* Project object */;
}
